// !$*UTF8*$!
{
	archiveVersion = 1;
	classes = {
	};
	objectVersion = 51;
	objects = {

/* Begin PBXBuildFile section */
		0ED5C070246F3F13004193C9 /* AppDelegate.swift in Sources */ = {isa = PBXBuildFile; fileRef = 0ED5C06F246F3F13004193C9 /* AppDelegate.swift */; };
		0ED5C072246F3F13004193C9 /* SceneDelegate.swift in Sources */ = {isa = PBXBuildFile; fileRef = 0ED5C071246F3F13004193C9 /* SceneDelegate.swift */; };
		0ED5C074246F3F13004193C9 /* ViewController.swift in Sources */ = {isa = PBXBuildFile; fileRef = 0ED5C073246F3F13004193C9 /* ViewController.swift */; };
		0ED5C077246F3F13004193C9 /* Main.storyboard in Resources */ = {isa = PBXBuildFile; fileRef = 0ED5C075246F3F13004193C9 /* Main.storyboard */; };
		0ED5C079246F3F15004193C9 /* Assets.xcassets in Resources */ = {isa = PBXBuildFile; fileRef = 0ED5C078246F3F15004193C9 /* Assets.xcassets */; };
		0ED5C07C246F3F15004193C9 /* LaunchScreen.storyboard in Resources */ = {isa = PBXBuildFile; fileRef = 0ED5C07A246F3F15004193C9 /* LaunchScreen.storyboard */; };
		0ED5C084246F3F48004193C9 /* Service.swift in Sources */ = {isa = PBXBuildFile; fileRef = 0ED5C083246F3F48004193C9 /* Service.swift */; };
		0ED5C086246F3FE3004193C9 /* Article.swift in Sources */ = {isa = PBXBuildFile; fileRef = 0ED5C085246F3FE3004193C9 /* Article.swift */; };
		0ED5C088246F455B004193C9 /* ArticleViewModel.swift in Sources */ = {isa = PBXBuildFile; fileRef = 0ED5C087246F455B004193C9 /* ArticleViewModel.swift */; };
		0ED5C08A246F4F3C004193C9 /* CustomizedCell.swift in Sources */ = {isa = PBXBuildFile; fileRef = 0ED5C089246F4F3C004193C9 /* CustomizedCell.swift */; };
		9CA4B3BADD85A7525E005089 /* Pods_ArticleFeed.framework in Frameworks */ = {isa = PBXBuildFile; fileRef = E6F8DDAF7D971E2213ED5038 /* Pods_ArticleFeed.framework */; };
/* End PBXBuildFile section */

/* Begin PBXFileReference section */
		0ED5C06C246F3F13004193C9 /* ArticleFeed.app */ = {isa = PBXFileReference; explicitFileType = wrapper.application; includeInIndex = 0; path = ArticleFeed.app; sourceTree = BUILT_PRODUCTS_DIR; };
		0ED5C06F246F3F13004193C9 /* AppDelegate.swift */ = {isa = PBXFileReference; lastKnownFileType = sourcecode.swift; path = AppDelegate.swift; sourceTree = "<group>"; };
		0ED5C071246F3F13004193C9 /* SceneDelegate.swift */ = {isa = PBXFileReference; lastKnownFileType = sourcecode.swift; path = SceneDelegate.swift; sourceTree = "<group>"; };
		0ED5C073246F3F13004193C9 /* ViewController.swift */ = {isa = PBXFileReference; lastKnownFileType = sourcecode.swift; path = ViewController.swift; sourceTree = "<group>"; };
		0ED5C076246F3F13004193C9 /* Base */ = {isa = PBXFileReference; lastKnownFileType = file.storyboard; name = Base; path = Base.lproj/Main.storyboard; sourceTree = "<group>"; };
		0ED5C078246F3F15004193C9 /* Assets.xcassets */ = {isa = PBXFileReference; lastKnownFileType = folder.assetcatalog; path = Assets.xcassets; sourceTree = "<group>"; };
		0ED5C07B246F3F15004193C9 /* Base */ = {isa = PBXFileReference; lastKnownFileType = file.storyboard; name = Base; path = Base.lproj/LaunchScreen.storyboard; sourceTree = "<group>"; };
		0ED5C07D246F3F15004193C9 /* Info.plist */ = {isa = PBXFileReference; lastKnownFileType = text.plist.xml; path = Info.plist; sourceTree = "<group>"; };
		0ED5C083246F3F48004193C9 /* Service.swift */ = {isa = PBXFileReference; lastKnownFileType = sourcecode.swift; path = Service.swift; sourceTree = "<group>"; };
		0ED5C085246F3FE3004193C9 /* Article.swift */ = {isa = PBXFileReference; lastKnownFileType = sourcecode.swift; path = Article.swift; sourceTree = "<group>"; };
		0ED5C087246F455B004193C9 /* ArticleViewModel.swift */ = {isa = PBXFileReference; lastKnownFileType = sourcecode.swift; path = ArticleViewModel.swift; sourceTree = "<group>"; };
		0ED5C089246F4F3C004193C9 /* CustomizedCell.swift */ = {isa = PBXFileReference; lastKnownFileType = sourcecode.swift; path = CustomizedCell.swift; sourceTree = "<group>"; };
		424EDE7FA6F9982D14AEC7E4 /* Pods-ArticleFeed.debug.xcconfig */ = {isa = PBXFileReference; includeInIndex = 1; lastKnownFileType = text.xcconfig; name = "Pods-ArticleFeed.debug.xcconfig"; path = "Target Support Files/Pods-ArticleFeed/Pods-ArticleFeed.debug.xcconfig"; sourceTree = "<group>"; };
		925E8E62078BAED0C38C6C98 /* Pods-ArticleFeed.release.xcconfig */ = {isa = PBXFileReference; includeInIndex = 1; lastKnownFileType = text.xcconfig; name = "Pods-ArticleFeed.release.xcconfig"; path = "Target Support Files/Pods-ArticleFeed/Pods-ArticleFeed.release.xcconfig"; sourceTree = "<group>"; };
		E6F8DDAF7D971E2213ED5038 /* Pods_ArticleFeed.framework */ = {isa = PBXFileReference; explicitFileType = wrapper.framework; includeInIndex = 0; path = Pods_ArticleFeed.framework; sourceTree = BUILT_PRODUCTS_DIR; };
/* End PBXFileReference section */

/* Begin PBXFrameworksBuildPhase section */
		0ED5C069246F3F13004193C9 /* Frameworks */ = {
			isa = PBXFrameworksBuildPhase;
			buildActionMask = 2147483647;
			files = (
				9CA4B3BADD85A7525E005089 /* Pods_ArticleFeed.framework in Frameworks */,
			);
			runOnlyForDeploymentPostprocessing = 0;
		};
/* End PBXFrameworksBuildPhase section */

/* Begin PBXGroup section */
		0ED5C063246F3F13004193C9 = {
			isa = PBXGroup;
			children = (
				0ED5C06E246F3F13004193C9 /* ArticleFeed */,
				0ED5C06D246F3F13004193C9 /* Products */,
				4A3552465F3CC6ECF9DFE958 /* Pods */,
				FA9FDF0BF8B9ABCD4DECCBEB /* Frameworks */,
			);
			sourceTree = "<group>";
		};
		0ED5C06D246F3F13004193C9 /* Products */ = {
			isa = PBXGroup;
			children = (
				0ED5C06C246F3F13004193C9 /* ArticleFeed.app */,
			);
			name = Products;
			sourceTree = "<group>";
		};
		0ED5C06E246F3F13004193C9 /* ArticleFeed */ = {
			isa = PBXGroup;
			children = (
				0ED5C06F246F3F13004193C9 /* AppDelegate.swift */,
				0ED5C071246F3F13004193C9 /* SceneDelegate.swift */,
				0ED5C08E246F5771004193C9 /* Model */,
				0ED5C08C246F5746004193C9 /* View */,
				0ED5C08B246F5738004193C9 /* ViewModel */,
				0ED5C08D246F5760004193C9 /* Service */,
				0ED5C075246F3F13004193C9 /* Main.storyboard */,
				0ED5C078246F3F15004193C9 /* Assets.xcassets */,
				0ED5C07A246F3F15004193C9 /* LaunchScreen.storyboard */,
				0ED5C07D246F3F15004193C9 /* Info.plist */,
			);
			path = ArticleFeed;
			sourceTree = "<group>";
		};
		0ED5C08B246F5738004193C9 /* ViewModel */ = {
			isa = PBXGroup;
			children = (
				0ED5C087246F455B004193C9 /* ArticleViewModel.swift */,
			);
			path = ViewModel;
			sourceTree = "<group>";
		};
		0ED5C08C246F5746004193C9 /* View */ = {
			isa = PBXGroup;
			children = (
				0ED5C089246F4F3C004193C9 /* CustomizedCell.swift */,
				0ED5C073246F3F13004193C9 /* ViewController.swift */,
			);
			path = View;
			sourceTree = "<group>";
		};
		0ED5C08D246F5760004193C9 /* Service */ = {
			isa = PBXGroup;
			children = (
				0ED5C083246F3F48004193C9 /* Service.swift */,
			);
			path = Service;
			sourceTree = "<group>";
		};
		0ED5C08E246F5771004193C9 /* Model */ = {
			isa = PBXGroup;
			children = (
				0ED5C085246F3FE3004193C9 /* Article.swift */,
			);
			path = Model;
			sourceTree = "<group>";
		};
		4A3552465F3CC6ECF9DFE958 /* Pods */ = {
			isa = PBXGroup;
			children = (
				424EDE7FA6F9982D14AEC7E4 /* Pods-ArticleFeed.debug.xcconfig */,
				925E8E62078BAED0C38C6C98 /* Pods-ArticleFeed.release.xcconfig */,
			);
			path = Pods;
			sourceTree = "<group>";
		};
		FA9FDF0BF8B9ABCD4DECCBEB /* Frameworks */ = {
			isa = PBXGroup;
			children = (
				E6F8DDAF7D971E2213ED5038 /* Pods_ArticleFeed.framework */,
			);
			name = Frameworks;
			sourceTree = "<group>";
		};
/* End PBXGroup section */

/* Begin PBXNativeTarget section */
		0ED5C06B246F3F13004193C9 /* ArticleFeed */ = {
			isa = PBXNativeTarget;
			buildConfigurationList = 0ED5C080246F3F15004193C9 /* Build configuration list for PBXNativeTarget "ArticleFeed" */;
			buildPhases = (
				5E0915F2EC24C09C819FFA81 /* [CP] Check Pods Manifest.lock */,
				0ED5C068246F3F13004193C9 /* Sources */,
				0ED5C069246F3F13004193C9 /* Frameworks */,
				0ED5C06A246F3F13004193C9 /* Resources */,
				70A30BC453BB23AE9B2677DE /* [CP] Embed Pods Frameworks */,
			);
			buildRules = (
			);
			dependencies = (
			);
			name = ArticleFeed;
			productName = ArticleFeed;
			productReference = 0ED5C06C246F3F13004193C9 /* ArticleFeed.app */;
			productType = "com.apple.product-type.application";
		};
/* End PBXNativeTarget section */

/* Begin PBXProject section */
		0ED5C064246F3F13004193C9 /* Project object */ = {
			isa = PBXProject;
			attributes = {
				LastSwiftUpdateCheck = 1130;
				LastUpgradeCheck = 1130;
				ORGANIZATIONNAME = "Surabhi Agnihotri";
				TargetAttributes = {
					0ED5C06B246F3F13004193C9 = {
						CreatedOnToolsVersion = 11.3.1;
					};
				};
			};
			buildConfigurationList = 0ED5C067246F3F13004193C9 /* Build configuration list for PBXProject "ArticleFeed" */;
			compatibilityVersion = "Xcode 9.3";
			developmentRegion = en;
			hasScannedForEncodings = 0;
			knownRegions = (
				en,
				Base,
			);
			mainGroup = 0ED5C063246F3F13004193C9;
			productRefGroup = 0ED5C06D246F3F13004193C9 /* Products */;
			projectDirPath = "";
			projectRoot = "";
			targets = (
				0ED5C06B246F3F13004193C9 /* ArticleFeed */,
			);
		};
/* End PBXProject section */

/* Begin PBXResourcesBuildPhase section */
		0ED5C06A246F3F13004193C9 /* Resources */ = {
			isa = PBXResourcesBuildPhase;
			buildActionMask = 2147483647;
			files = (
				0ED5C07C246F3F15004193C9 /* LaunchScreen.storyboard in Resources */,
				0ED5C079246F3F15004193C9 /* Assets.xcassets in Resources */,
				0ED5C077246F3F13004193C9 /* Main.storyboard in Resources */,
			);
			runOnlyForDeploymentPostprocessing = 0;
		};
/* End PBXResourcesBuildPhase section */

/* Begin PBXShellScriptBuildPhase section */
		5E0915F2EC24C09C819FFA81 /* [CP] Check Pods Manifest.lock */ = {
			isa = PBXShellScriptBuildPhase;
			buildActionMask = 2147483647;
			files = (
			);
			inputFileListPaths = (
			);
			inputPaths = (
				"${PODS_PODFILE_DIR_PATH}/Podfile.lock",
				"${PODS_ROOT}/Manifest.lock",
			);
			name = "[CP] Check Pods Manifest.lock";
			outputFileListPaths = (
			);
			outputPaths = (
				"$(DERIVED_FILE_DIR)/Pods-ArticleFeed-checkManifestLockResult.txt",
			);
			runOnlyForDeploymentPostprocessing = 0;
			shellPath = /bin/sh;
			shellScript = "diff \"${PODS_PODFILE_DIR_PATH}/Podfile.lock\" \"${PODS_ROOT}/Manifest.lock\" > /dev/null\nif [ $? != 0 ] ; then\n    # print error to STDERR\n    echo \"error: The sandbox is not in sync with the Podfile.lock. Run 'pod install' or update your CocoaPods installation.\" >&2\n    exit 1\nfi\n# This output is used by Xcode 'outputs' to avoid re-running this script phase.\necho \"SUCCESS\" > \"${SCRIPT_OUTPUT_FILE_0}\"\n";
			showEnvVarsInLog = 0;
		};
		70A30BC453BB23AE9B2677DE /* [CP] Embed Pods Frameworks */ = {
			isa = PBXShellScriptBuildPhase;
			buildActionMask = 2147483647;
			files = (
			);
			inputFileListPaths = (
				"${PODS_ROOT}/Target Support Files/Pods-ArticleFeed/Pods-ArticleFeed-frameworks-${CONFIGURATION}-input-files.xcfilelist",
			);
			name = "[CP] Embed Pods Frameworks";
			outputFileListPaths = (
				"${PODS_ROOT}/Target Support Files/Pods-ArticleFeed/Pods-ArticleFeed-frameworks-${CONFIGURATION}-output-files.xcfilelist",
			);
			runOnlyForDeploymentPostprocessing = 0;
			shellPath = /bin/sh;
			shellScript = "\"${PODS_ROOT}/Target Support Files/Pods-ArticleFeed/Pods-ArticleFeed-frameworks.sh\"\n";
			showEnvVarsInLog = 0;
		};
/* End PBXShellScriptBuildPhase section */

/* Begin PBXSourcesBuildPhase section */
		0ED5C068246F3F13004193C9 /* Sources */ = {
			isa = PBXSourcesBuildPhase;
			buildActionMask = 2147483647;
			files = (
				0ED5C074246F3F13004193C9 /* ViewController.swift in Sources */,
				0ED5C084246F3F48004193C9 /* Service.swift in Sources */,
				0ED5C070246F3F13004193C9 /* AppDelegate.swift in Sources */,
				0ED5C088246F455B004193C9 /* ArticleViewModel.swift in Sources */,
				0ED5C08A246F4F3C004193C9 /* CustomizedCell.swift in Sources */,
				0ED5C072246F3F13004193C9 /* SceneDelegate.swift in Sources */,
				0ED5C086246F3FE3004193C9 /* Article.swift in Sources */,
			);
			runOnlyForDeploymentPostprocessing = 0;
		};
/* End PBXSourcesBuildPhase section */

/* Begin PBXVariantGroup section */
		0ED5C075246F3F13004193C9 /* Main.storyboard */ = {
			isa = PBXVariantGroup;
			children = (
				0ED5C076246F3F13004193C9 /* Base */,
			);
			name = Main.storyboard;
			sourceTree = "<group>";
		};
		0ED5C07A246F3F15004193C9 /* LaunchScreen.storyboard */ = {
			isa = PBXVariantGroup;
			children = (
				0ED5C07B246F3F15004193C9 /* Base */,
			);
			name = LaunchScreen.storyboard;
			sourceTree = "<group>";
		};
/* End PBXVariantGroup section */

/* Begin XCBuildConfiguration section */
		0ED5C07E246F3F15004193C9 /* Debug */ = {
			isa = XCBuildConfiguration;
			buildSettings = {
				ALWAYS_SEARCH_USER_PATHS = NO;
				CLANG_ANALYZER_NONNULL = YES;
				CLANG_ANALYZER_NUMBER_OBJECT_CONVERSION = YES_AGGRESSIVE;
				CLANG_CXX_LANGUAGE_STANDARD = "gnu++14";
				CLANG_CXX_LIBRARY = "libc++";
				CLANG_ENABLE_MODULES = YES;
				CLANG_ENABLE_OBJC_ARC = YES;
				CLANG_ENABLE_OBJC_WEAK = YES;
				CLANG_WARN_BLOCK_CAPTURE_AUTORELEASING = YES;
				CLANG_WARN_BOOL_CONVERSION = YES;
				CLANG_WARN_COMMA = YES;
				CLANG_WARN_CONSTANT_CONVERSION = YES;
				CLANG_WARN_DEPRECATED_OBJC_IMPLEMENTATIONS = YES;
				CLANG_WARN_DIRECT_OBJC_ISA_USAGE = YES_ERROR;
				CLANG_WARN_DOCUMENTATION_COMMENTS = YES;
				CLANG_WARN_EMPTY_BODY = YES;
				CLANG_WARN_ENUM_CONVERSION = YES;
				CLANG_WARN_INFINITE_RECURSION = YES;
				CLANG_WARN_INT_CONVERSION = YES;
				CLANG_WARN_NON_LITERAL_NULL_CONVERSION = YES;
				CLANG_WARN_OBJC_IMPLICIT_RETAIN_SELF = YES;
				CLANG_WARN_OBJC_LITERAL_CONVERSION = YES;
				CLANG_WARN_OBJC_ROOT_CLASS = YES_ERROR;
				CLANG_WARN_RANGE_LOOP_ANALYSIS = YES;
				CLANG_WARN_STRICT_PROTOTYPES = YES;
				CLANG_WARN_SUSPICIOUS_MOVE = YES;
				CLANG_WARN_UNGUARDED_AVAILABILITY = YES_AGGRESSIVE;
				CLANG_WARN_UNREACHABLE_CODE = YES;
				CLANG_WARN__DUPLICATE_METHOD_MATCH = YES;
				COPY_PHASE_STRIP = NO;
				DEBUG_INFORMATION_FORMAT = dwarf;
				ENABLE_STRICT_OBJC_MSGSEND = YES;
				ENABLE_TESTABILITY = YES;
				GCC_C_LANGUAGE_STANDARD = gnu11;
				GCC_DYNAMIC_NO_PIC = NO;
				GCC_NO_COMMON_BLOCKS = YES;
				GCC_OPTIMIZATION_LEVEL = 0;
				GCC_PREPROCESSOR_DEFINITIONS = (
					"DEBUG=1",
					"$(inherited)",
				);
				GCC_WARN_64_TO_32_BIT_CONVERSION = YES;
				GCC_WARN_ABOUT_RETURN_TYPE = YES_ERROR;
				GCC_WARN_UNDECLARED_SELECTOR = YES;
				GCC_WARN_UNINITIALIZED_AUTOS = YES_AGGRESSIVE;
				GCC_WARN_UNUSED_FUNCTION = YES;
				GCC_WARN_UNUSED_VARIABLE = YES;
				IPHONEOS_DEPLOYMENT_TARGET = 13.2;
				MTL_ENABLE_DEBUG_INFO = INCLUDE_SOURCE;
				MTL_FAST_MATH = YES;
				ONLY_ACTIVE_ARCH = YES;
				SDKROOT = iphoneos;
				SWIFT_ACTIVE_COMPILATION_CONDITIONS = DEBUG;
				SWIFT_OPTIMIZATION_LEVEL = "-Onone";
			};
			name = Debug;
		};
		0ED5C07F246F3F15004193C9 /* Release */ = {
			isa = XCBuildConfiguration;
			buildSettings = {
				ALWAYS_SEARCH_USER_PATHS = NO;
				CLANG_ANALYZER_NONNULL = YES;
				CLANG_ANALYZER_NUMBER_OBJECT_CONVERSION = YES_AGGRESSIVE;
				CLANG_CXX_LANGUAGE_STANDARD = "gnu++14";
				CLANG_CXX_LIBRARY = "libc++";
				CLANG_ENABLE_MODULES = YES;
				CLANG_ENABLE_OBJC_ARC = YES;
				CLANG_ENABLE_OBJC_WEAK = YES;
				CLANG_WARN_BLOCK_CAPTURE_AUTORELEASING = YES;
				CLANG_WARN_BOOL_CONVERSION = YES;
				CLANG_WARN_COMMA = YES;
				CLANG_WARN_CONSTANT_CONVERSION = YES;
				CLANG_WARN_DEPRECATED_OBJC_IMPLEMENTATIONS = YES;
				CLANG_WARN_DIRECT_OBJC_ISA_USAGE = YES_ERROR;
				CLANG_WARN_DOCUMENTATION_COMMENTS = YES;
				CLANG_WARN_EMPTY_BODY = YES;
				CLANG_WARN_ENUM_CONVERSION = YES;
				CLANG_WARN_INFINITE_RECURSION = YES;
				CLANG_WARN_INT_CONVERSION = YES;
				CLANG_WARN_NON_LITERAL_NULL_CONVERSION = YES;
				CLANG_WARN_OBJC_IMPLICIT_RETAIN_SELF = YES;
				CLANG_WARN_OBJC_LITERAL_CONVERSION = YES;
				CLANG_WARN_OBJC_ROOT_CLASS = YES_ERROR;
				CLANG_WARN_RANGE_LOOP_ANALYSIS = YES;
				CLANG_WARN_STRICT_PROTOTYPES = YES;
				CLANG_WARN_SUSPICIOUS_MOVE = YES;
				CLANG_WARN_UNGUARDED_AVAILABILITY = YES_AGGRESSIVE;
				CLANG_WARN_UNREACHABLE_CODE = YES;
				CLANG_WARN__DUPLICATE_METHOD_MATCH = YES;
				COPY_PHASE_STRIP = NO;
				DEBUG_INFORMATION_FORMAT = "dwarf-with-dsym";
				ENABLE_NS_ASSERTIONS = NO;
				ENABLE_STRICT_OBJC_MSGSEND = YES;
				GCC_C_LANGUAGE_STANDARD = gnu11;
				GCC_NO_COMMON_BLOCKS = YES;
				GCC_WARN_64_TO_32_BIT_CONVERSION = YES;
				GCC_WARN_ABOUT_RETURN_TYPE = YES_ERROR;
				GCC_WARN_UNDECLARED_SELECTOR = YES;
				GCC_WARN_UNINITIALIZED_AUTOS = YES_AGGRESSIVE;
				GCC_WARN_UNUSED_FUNCTION = YES;
				GCC_WARN_UNUSED_VARIABLE = YES;
				IPHONEOS_DEPLOYMENT_TARGET = 13.2;
				MTL_ENABLE_DEBUG_INFO = NO;
				MTL_FAST_MATH = YES;
				SDKROOT = iphoneos;
				SWIFT_COMPILATION_MODE = wholemodule;
				SWIFT_OPTIMIZATION_LEVEL = "-O";
				VALIDATE_PRODUCT = YES;
			};
			name = Release;
		};
		0ED5C081246F3F15004193C9 /* Debug */ = {
			isa = XCBuildConfiguration;
			baseConfigurationReference = 424EDE7FA6F9982D14AEC7E4 /* Pods-ArticleFeed.debug.xcconfig */;
			buildSettings = {
				ASSETCATALOG_COMPILER_APPICON_NAME = AppIcon;
				CODE_SIGN_STYLE = Automatic;
				INFOPLIST_FILE = ArticleFeed/Info.plist;
				LD_RUNPATH_SEARCH_PATHS = (
					"$(inherited)",
					"@executable_path/Frameworks",
				);
				PRODUCT_BUNDLE_IDENTIFIER = com.surabhi.ArticleFeed;
				PRODUCT_NAME = "$(TARGET_NAME)";
				SWIFT_VERSION = 5.0;
				TARGETED_DEVICE_FAMILY = "1,2";
			};
			name = Debug;
		};
		0ED5C082246F3F15004193C9 /* Release */ = {
			isa = XCBuildConfiguration;
			baseConfigurationReference = 925E8E62078BAED0C38C6C98 /* Pods-ArticleFeed.release.xcconfig */;
			buildSettings = {
				ASSETCATALOG_COMPILER_APPICON_NAME = AppIcon;
				CODE_SIGN_STYLE = Automatic;
				INFOPLIST_FILE = ArticleFeed/Info.plist;
				LD_RUNPATH_SEARCH_PATHS = (
					"$(inherited)",
					"@executable_path/Frameworks",
				);
				PRODUCT_BUNDLE_IDENTIFIER = com.surabhi.ArticleFeed;
				PRODUCT_NAME = "$(TARGET_NAME)";
				SWIFT_VERSION = 5.0;
				TARGETED_DEVICE_FAMILY = "1,2";
			};
			name = Release;
		};
/* End XCBuildConfiguration section */

/* Begin XCConfigurationList section */
		0ED5C067246F3F13004193C9 /* Build configuration list for PBXProject "ArticleFeed" */ = {
			isa = XCConfigurationList;
			buildConfigurations = (
				0ED5C07E246F3F15004193C9 /* Debug */,
				0ED5C07F246F3F15004193C9 /* Release */,
			);
			defaultConfigurationIsVisible = 0;
			defaultConfigurationName = Release;
		};
		0ED5C080246F3F15004193C9 /* Build configuration list for PBXNativeTarget "ArticleFeed" */ = {
			isa = XCConfigurationList;
			buildConfigurations = (
				0ED5C081246F3F15004193C9 /* Debug */,
				0ED5C082246F3F15004193C9 /* Release */,
			);
			defaultConfigurationIsVisible = 0;
			defaultConfigurationName = Release;
		};
/* End XCConfigurationList section */
	};
	rootObject = 0ED5C064246F3F13004193C9 /* Project object */;
}
